# This file is generated by running "yarn install" inside your project.
# Manual changes might be lost - proceed with caution!

__metadata:
  version: 8
  cacheKey: 10c0

"example@workspace:packages/example":
  version: 0.0.0-use.local
  resolution: "example@workspace:packages/example"
  dependencies:
    ts-overrides-plugin: "npm:^0.3.7"
    typescript: "npm:^5.5.4"
  languageName: unknown
  linkType: soft

"outmatch@npm:^1.0.0":
  version: 1.0.0
  resolution: "outmatch@npm:1.0.0"
  checksum: 10c0/e27d6429f4da07e93d7aa3b4a574665ae5032dce77f0c7b22a1c28881dd870929e9ebb4e5052ccd95eb382c544dae4f1689ac8c0c6480ef0d7ffdc1414bb72e5
  languageName: node
  linkType: hard

"ts-overrides-plugin@npm:^0.3.7":
  version: 0.3.7
  resolution: "ts-overrides-plugin@npm:0.3.7"
  dependencies:
    outmatch: "npm:^1.0.0"
  peerDependencies:
    ts-patch: ^3.0.0 || ^2.0.0 || ^1.0.0
    typescript: ^5.5.2 || ^4.0.0 || ^3.0.0
  checksum: 10c0/f354109f2cc177db3726d5f78013001ea7c6ca37f5ab70149e037054b0aada6b2ceb8db97a0a1a46ab81eb09367885b403e493e4af8491d8d23b56cf5d0ca859
  languageName: node
  linkType: hard

"ts-plugin-webstorm-issue@workspace:.":
  version: 0.0.0-use.local
  resolution: "ts-plugin-webstorm-issue@workspace:."
  dependencies:
    ts-overrides-plugin: "npm:^0.3.7"
  languageName: unknown
  linkType: soft

"typescript@npm:^5.5.4":
  version: 5.5.4
  resolution: "typescript@npm:5.5.4"
  bin:
    tsc: bin/tsc
    tsserver: bin/tsserver
  checksum: 10c0/422be60f89e661eab29ac488c974b6cc0a660fb2228003b297c3d10c32c90f3bcffc1009b43876a082515a3c376b1eefcce823d6e78982e6878408b9a923199c
  languageName: node
  linkType: hard

"typescript@patch:typescript@npm%3A^5.5.4#optional!builtin<compat/typescript>":
  version: 5.5.4
  resolution: "typescript@patch:typescript@npm%3A5.5.4#optional!builtin<compat/typescript>::version=5.5.4&hash=379a07"
  bin:
    tsc: bin/tsc
    tsserver: bin/tsserver
  checksum: 10c0/73409d7b9196a5a1217b3aaad929bf76294d3ce7d6e9766dd880ece296ee91cf7d7db6b16c6c6c630ee5096eccde726c0ef17c7dfa52b01a243e57ae1f09ef07
  languageName: node
  linkType: hard
